<?xml version="1.0" encoding="utf-8"?>
<Project ToolsVersion="4.0" xmlns="http://schemas.microsoft.com/developer/msbuild/2003">
  <ItemGroup>
    <ClCompile Include="Background.cpp" />
    <ClCompile Include="Brick.cpp" />
    <ClCompile Include="Coin.cpp" />
    <ClCompile Include="Game.cpp" />
    <ClCompile Include="GameObject.cpp" />
    <ClCompile Include="main.cpp" />
    <ClCompile Include="Platform.cpp" />
    <ClCompile Include="PlayScene.cpp" />
    <ClCompile Include="Portal.cpp" />
    <ClCompile Include="Textures.cpp" />
    <ClCompile Include="Utils.cpp" />
    <ClCompile Include="Animation.cpp">
      <Filter>Animation</Filter>
    </ClCompile>
    <ClCompile Include="Animations.cpp">
      <Filter>Animation</Filter>
    </ClCompile>
    <ClCompile Include="BeetleHead.cpp">
      <Filter>Enermies</Filter>
    </ClCompile>
    <ClCompile Include="BlackWalker.cpp">
      <Filter>Enermies</Filter>
    </ClCompile>
    <ClCompile Include="BouncingBomb.cpp">
      <Filter>Enermies</Filter>
    </ClCompile>
    <ClCompile Include="Camera.cpp">
      <Filter>Camera</Filter>
    </ClCompile>
    <ClCompile Include="Collision.cpp">
      <Filter>Collision</Filter>
    </ClCompile>
    <ClCompile Include="FlyingBomb.cpp">
      <Filter>Enermies</Filter>
    </ClCompile>
    <ClCompile Include="debug.cpp">
      <Filter>Debug</Filter>
    </ClCompile>
    <ClCompile Include="PlatformWalker.cpp">
      <Filter>Enermies</Filter>
    </ClCompile>
    <ClCompile Include="Jason.cpp">
      <Filter>Player</Filter>
    </ClCompile>
    <ClCompile Include="Quadtree.cpp">
      <Filter>Quadtree</Filter>
    </ClCompile>
    <ClCompile Include="SampleKeyEventHandler.cpp">
      <Filter>Keyboard</Filter>
    </ClCompile>
    <ClCompile Include="Power.cpp">
      <Filter>Items</Filter>
    </ClCompile>
    <ClCompile Include="SophiaBullet.cpp">
      <Filter>Player</Filter>
    </ClCompile>
    <ClCompile Include="Sophia.cpp">
      <Filter>Player</Filter>
    </ClCompile>
    <ClCompile Include="Sprite.cpp">
      <Filter>Sprite</Filter>
    </ClCompile>
    <ClCompile Include="Sprites.cpp">
      <Filter>Sprite</Filter>
    </ClCompile>
    <ClCompile Include="RotatingGun.cpp">
      <Filter>Enermies</Filter>
    </ClCompile>
    <ClCompile Include="GunWalker.cpp">
      <Filter>Enermies</Filter>
    </ClCompile>
    <ClCompile Include="BeeHead.cpp">
      <Filter>Enermies</Filter>
    </ClCompile>
    <ClCompile Include="JellyFish.cpp">
      <Filter>Enermies</Filter>
    </ClCompile>
  </ItemGroup>
  <ItemGroup>
    <ClInclude Include="AssetIDs.h" />
    <ClInclude Include="Background.h" />
    <ClInclude Include="Brick.h" />
    <ClInclude Include="Coin.h" />
    <ClInclude Include="Define.h" />
    <ClInclude Include="Game.h" />
    <ClInclude Include="GameObject.h" />
    <ClInclude Include="Platform.h" />
    <ClInclude Include="PlayScene.h" />
    <ClInclude Include="Portal.h" />
    <ClInclude Include="Scene.h" />
    <ClInclude Include="Texture.h" />
    <ClInclude Include="Textures.h" />
    <ClInclude Include="Utils.h" />
    <ClInclude Include="Animation.h">
      <Filter>Animation</Filter>
    </ClInclude>
    <ClInclude Include="AnimationFrame.h">
      <Filter>Animation</Filter>
    </ClInclude>
    <ClInclude Include="Animations.h">
      <Filter>Animation</Filter>
    </ClInclude>
    <ClInclude Include="BeetleHead.h">
      <Filter>Enermies</Filter>
    </ClInclude>
    <ClInclude Include="BlackWalker.h">
      <Filter>Enermies</Filter>
    </ClInclude>
    <ClInclude Include="BouncingBomb.h">
      <Filter>Enermies</Filter>
    </ClInclude>
    <ClInclude Include="Camera.h">
      <Filter>Camera</Filter>
    </ClInclude>
    <ClInclude Include="Collision.h">
      <Filter>Collision</Filter>
    </ClInclude>
    <ClInclude Include="FlyingBomb.h">
      <Filter>Enermies</Filter>
    </ClInclude>
    <ClInclude Include="debug.h">
      <Filter>Debug</Filter>
    </ClInclude>
    <ClInclude Include="PlatformWalker.h">
      <Filter>Enermies</Filter>
    </ClInclude>
    <ClInclude Include="Jason.h">
      <Filter>Player</Filter>
    </ClInclude>
    <ClInclude Include="Quadtree.h">
      <Filter>Quadtree</Filter>
    </ClInclude>
    <ClInclude Include="KeyEventHandler.h">
      <Filter>Keyboard</Filter>
    </ClInclude>
    <ClInclude Include="SampleKeyEventHandler.h">
      <Filter>Keyboard</Filter>
    </ClInclude>
    <ClInclude Include="Power.h">
      <Filter>Items</Filter>
    </ClInclude>
    <ClInclude Include="Sophia.h">
      <Filter>Player</Filter>
    </ClInclude>
    <ClInclude Include="SophiaBullet.h">
      <Filter>Player</Filter>
    </ClInclude>
    <ClInclude Include="Sprite.h">
      <Filter>Sprite</Filter>
    </ClInclude>
    <ClInclude Include="Sprites.h">
      <Filter>Sprite</Filter>
    </ClInclude>
    <ClInclude Include="RotatingGun.h">
      <Filter>Enermies</Filter>
    </ClInclude>
    <ClInclude Include="GunWalker.h">
      <Filter>Enermies</Filter>
    </ClInclude>
    <ClInclude Include="BeeHead.h">
      <Filter>Enermies</Filter>
    </ClInclude>
    <ClInclude Include="JellyFish.h">
      <Filter>Enermies</Filter>
    </ClInclude>
  </ItemGroup>
  <ItemGroup>
    <Image Include="textures\map11.png" />
  </ItemGroup>
  <ItemGroup>
    <None Include="packages.config" />
  </ItemGroup>
  <ItemGroup>
    <Text Include="blastermaster.txt" />
    <Text Include="brick.txt" />
    <Text Include="jason.txt" />
    <Text Include="quadtree.txt" />
    <Text Include="scene0005.txt" />
  </ItemGroup>
  <ItemGroup>
    <Filter Include="Player">
      <UniqueIdentifier>{8dfa0567-6e94-40a9-89b8-ade3712992f5}</UniqueIdentifier>
    </Filter>
    <Filter Include="Enermies">
      <UniqueIdentifier>{3d8285b5-9146-4ffa-b740-46014b6c2429}</UniqueIdentifier>
    </Filter>
    <Filter Include="Items">
      <UniqueIdentifier>{b3723e78-c125-455d-98a2-52d5eb3e7979}</UniqueIdentifier>
    </Filter>
    <Filter Include="Camera">
      <UniqueIdentifier>{a06e693a-0718-4f74-8395-ebbebe83b9f9}</UniqueIdentifier>
    </Filter>
    <Filter Include="Collision">
      <UniqueIdentifier>{06a5ff6e-4c0a-4e3d-b3da-dcc7cb84da8f}</UniqueIdentifier>
    </Filter>
    <Filter Include="Quadtree">
      <UniqueIdentifier>{4f8b4836-76e6-45b4-905b-799777f5b982}</UniqueIdentifier>
    </Filter>
    <Filter Include="Animation">
      <UniqueIdentifier>{7810cf8d-0707-4cb3-8777-97d09249138e}</UniqueIdentifier>
    </Filter>
    <Filter Include="Sprite">
      <UniqueIdentifier>{63083376-c13a-4a50-87e8-b06e0114f2db}</UniqueIdentifier>
    </Filter>
    <Filter Include="Keyboard">
      <UniqueIdentifier>{c1b65256-6c9b-4a8e-b71e-d2d90d726a24}</UniqueIdentifier>
    </Filter>
    <Filter Include="Debug">
      <UniqueIdentifier>{55bb7858-c180-4ee9-b5d0-bc1020be51d3}</UniqueIdentifier>
    </Filter>
  </ItemGroup>
</Project>